{
  "version": 4,
  "terraform_version": "1.14.9",
  "serial": 20,
  "lineage": "228a7b05-ce69-f192-5404-2cd431598481",
  "outputs": {},
  "resources": [
    {
      "mode": "data",
      "type": "azurerm_resource_group",
      "name": "rg",
      "provider": "provider[\"registry.terraform.io/hashicorp/azurerm\"]",
      "instances": [
        {
          "schema_version": 0,
          "attributes": {
            "id": "/subscriptions/fbf787c1-ed83-44ad-946e-6ff3b027c400/resourceGroups/Azuredevops",
            "location": "southcentralus",
            "managed_by": "",
            "name": "Azuredevops",
            "tags": {
              "DeploymentId": "300438",
              "LaunchId": "1346",
              "LaunchType": "ON_DEMAND_LAB",
              "TemplateId": "1181",
              "TenantId": "203"
            },
            "timeouts": null
          },
          "sensitive_attributes": [],
          "identity_schema_version": 0
        }
      ]
    },
    {
      "mode": "managed",
      "type": "azurerm_lb",
      "name": "lb",
      "provider": "provider[\"registry.terraform.io/hashicorp/azurerm\"]",
      "instances": [
        {
          "schema_version": 0,
          "attributes": {
            "edge_zone": "",
            "frontend_ip_configuration": [
              {
                "gateway_load_balancer_frontend_ip_configuration_id": "",
                "id": "/subscriptions/fbf787c1-ed83-44ad-946e-6ff3b027c400/resourceGroups/Azuredevops/providers/Microsoft.Network/loadBalancers/my-lb/frontendIPConfigurations/PublicIP",
                "inbound_nat_rules": [],
                "load_balancer_rules": [],
                "name": "PublicIP",
                "outbound_rules": [],
                "private_ip_address": "",
                "private_ip_address_allocation": "Dynamic",
                "private_ip_address_version": "",
                "public_ip_address_id": "/subscriptions/fbf787c1-ed83-44ad-946e-6ff3b027c400/resourceGroups/Azuredevops/providers/Microsoft.Network/publicIPAddresses/my-pip",
                "public_ip_prefix_id": "",
                "subnet_id": "",
                "zones": []
              }
            ],
            "id": "/subscriptions/fbf787c1-ed83-44ad-946e-6ff3b027c400/resourceGroups/Azuredevops/providers/Microsoft.Network/loadBalancers/my-lb",
            "location": "southcentralus",
            "name": "my-lb",
            "private_ip_address": "",
            "private_ip_addresses": [],
            "public_ip_address_id": null,
            "resource_group_name": "Azuredevops",
            "sku": "Standard",
            "sku_tier": "Regional",
            "subnet_id": null,
            "tags": {
              "Environment": "dev"
            },
            "timeouts": null
          },
          "sensitive_attributes": [],
          "identity_schema_version": 0,
          "private": "eyJlMmJmYjczMC1lY2FhLTExZTYtOGY4OC0zNDM2M2JjN2M0YzAiOnsiY3JlYXRlIjoxODAwMDAwMDAwMDAwLCJkZWxldGUiOjE4MDAwMDAwMDAwMDAsInJlYWQiOjMwMDAwMDAwMDAwMCwidXBkYXRlIjoxODAwMDAwMDAwMDAwfX0=",
          "dependencies": [
            "azurerm_public_ip.pip",
            "data.azurerm_resource_group.rg"
          ]
        }
      ]
    },
    {
      "mode": "managed",
      "type": "azurerm_lb_backend_address_pool",
      "name": "bpool",
      "provider": "provider[\"registry.terraform.io/hashicorp/azurerm\"]",
      "instances": [
        {
          "schema_version": 0,
          "attributes": {
            "backend_ip_configurations": [
              "/subscriptions/fbf787c1-ed83-44ad-946e-6ff3b027c400/resourceGroups/Azuredevops/providers/Microsoft.Network/networkInterfaces/my-nic-1/ipConfigurations/internal",
              "/subscriptions/fbf787c1-ed83-44ad-946e-6ff3b027c400/resourceGroups/Azuredevops/providers/Microsoft.Network/networkInterfaces/my-nic-0/ipConfigurations/internal"
            ],
            "id": "/subscriptions/fbf787c1-ed83-44ad-946e-6ff3b027c400/resourceGroups/Azuredevops/providers/Microsoft.Network/loadBalancers/my-lb/backendAddressPools/backendPool",
            "inbound_nat_rules": [],
            "load_balancing_rules": [],
            "loadbalancer_id": "/subscriptions/fbf787c1-ed83-44ad-946e-6ff3b027c400/resourceGroups/Azuredevops/providers/Microsoft.Network/loadBalancers/my-lb",
            "name": "backendPool",
            "outbound_rules": [],
            "synchronous_mode": "",
            "timeouts": null,
            "tunnel_interface": [],
            "virtual_network_id": ""
          },
          "sensitive_attributes": [],
          "identity_schema_version": 0,
          "private": "eyJlMmJmYjczMC1lY2FhLTExZTYtOGY4OC0zNDM2M2JjN2M0YzAiOnsiY3JlYXRlIjoxODAwMDAwMDAwMDAwLCJkZWxldGUiOjE4MDAwMDAwMDAwMDAsInJlYWQiOjMwMDAwMDAwMDAwMCwidXBkYXRlIjoxODAwMDAwMDAwMDAwfX0=",
          "dependencies": [
            "azurerm_lb.lb",
            "azurerm_public_ip.pip",
            "data.azurerm_resource_group.rg"
          ]
        }
      ]
    },
    {
      "mode": "managed",
      "type": "azurerm_linux_virtual_machine",
      "name": "vm",
      "provider": "provider[\"registry.terraform.io/hashicorp/azurerm\"]",
      "instances": [
        {
          "index_key": 0,
          "schema_version": 0,
          "attributes": {
            "additional_capabilities": [],
            "admin_password": null,
            "admin_ssh_key": [
              {
                "public_key": "ssh-rsa AAAAB3NzaC1yc2EAAAADAQABAAACAQC0IzipGGER7tjSiMn3EXivBe+XHEJ3HOi57nXEhWRpkg+a7aqcV8pTnClnQzGfRxjfAdKJEXXTy8WQWZWO+FV15b0a5zXrj/lnH43R367O5VPP98gP36Ng66NPQHlvKm9Jwg7Yt+tlxmkh+iahJkPWa2yBDd2k+JXV3/1hG0SQZv2U4gGMXsQ4qOMSBcz6cBezRaKEFfEmqvQe/7tL/FAQb0ue8WyB13N44DbROe+kp3/ourZyYadjptSRSxCpG/AcwRJws5SMZPl9YgOA6Jojx0Nza6iapmUzqzum0LSH7QrA7Sjuu97fjPNcL1fF52GsWfsVK2i73jKZ9MgH9K96XgzjuzczZGVh0WAYa/YIBbOGmnL2uudm1UY/wXxPUz9oWaahCAg3Htboo8nFOnR+J2uVbdyOeE6wHp49oqXs0fZO1s9FswPOt0DXWh1XsPRRe1FpHNJmMxLd8pMHxQ0zwk/+R+qxr5lEgQQ9KYjD6brAst4C0IXYi48zNr8uOIiNVKiNGgimvAmn2I4VQmh1IlqsdCnIkBARpdouysR5KG5SNaj1HM1N/W0P6UMjYqkhlgKxzpQvF3vqcsMcEQVkVumLc7u8+cKfREjrHPtNLZdqwwttpRyBJB4oEFWfzLdETeW9+RZegy5zlIwPqoY87RV0um7lW2+gVTLToSWcNQ== U18G54H@CDDEWOBCLWLS0HU\n",
                "username": "azureuser"
              }
            ],
            "admin_username": "azureuser",
            "allow_extension_operations": true,
            "availability_set_id": "",
            "boot_diagnostics": [],
            "bypass_platform_safety_checks_on_user_schedule_enabled": false,
            "capacity_reservation_group_id": "",
            "computer_name": "my-vm-0",
            "custom_data": null,
            "dedicated_host_group_id": "",
            "dedicated_host_id": "",
            "disable_password_authentication": true,
            "disk_controller_type": "",
            "edge_zone": "",
            "encryption_at_host_enabled": false,
            "eviction_policy": "",
            "extensions_time_budget": "PT1H30M",
            "gallery_application": [],
            "id": "/subscriptions/fbf787c1-ed83-44ad-946e-6ff3b027c400/resourceGroups/Azuredevops/providers/Microsoft.Compute/virtualMachines/my-vm-0",
            "identity": [],
            "license_type": "",
            "location": "southcentralus",
            "max_bid_price": -1,
            "name": "my-vm-0",
            "network_interface_ids": [
              "/subscriptions/fbf787c1-ed83-44ad-946e-6ff3b027c400/resourceGroups/Azuredevops/providers/Microsoft.Network/networkInterfaces/my-nic-0"
            ],
            "os_disk": [
              {
                "caching": "ReadWrite",
                "diff_disk_settings": [],
                "disk_encryption_set_id": "",
                "disk_size_gb": 30,
                "id": "/subscriptions/fbf787c1-ed83-44ad-946e-6ff3b027c400/resourceGroups/Azuredevops/providers/Microsoft.Compute/disks/my-osdisk-0",
                "name": "my-osdisk-0",
                "secure_vm_disk_encryption_set_id": "",
                "security_encryption_type": "",
                "storage_account_type": "Standard_LRS",
                "write_accelerator_enabled": false
              }
            ],
            "os_image_notification": [],
            "os_managed_disk_id": "/subscriptions/fbf787c1-ed83-44ad-946e-6ff3b027c400/resourceGroups/Azuredevops/providers/Microsoft.Compute/disks/my-osdisk-0",
            "patch_assessment_mode": "ImageDefault",
            "patch_mode": "ImageDefault",
            "plan": [],
            "platform_fault_domain": -1,
            "priority": "Regular",
            "private_ip_address": "10.0.1.5",
            "private_ip_addresses": [
              "10.0.1.5"
            ],
            "provision_vm_agent": true,
            "proximity_placement_group_id": "",
            "public_ip_address": "",
            "public_ip_addresses": [],
            "reboot_setting": "",
            "resource_group_name": "Azuredevops",
            "secret": [],
            "secure_boot_enabled": false,
            "size": "Standard_B1s",
            "source_image_id": "/subscriptions/fbf787c1-ed83-44ad-946e-6ff3b027c400/resourceGroups/Azuredevops/providers/Microsoft.Compute/images/myPackerImage",
            "source_image_reference": [],
            "tags": {
              "Environment": "dev"
            },
            "termination_notification": null,
            "timeouts": null,
            "user_data": "",
            "virtual_machine_id": "4024ff38-2fe4-4f3e-ab01-7913e84b28fc",
            "virtual_machine_scale_set_id": "",
            "vm_agent_platform_updates_enabled": false,
            "vtpm_enabled": false,
            "zone": ""
          },
          "sensitive_attributes": [
            [
              {
                "type": "get_attr",
                "value": "admin_password"
              }
            ],
            [
              {
                "type": "get_attr",
                "value": "custom_data"
              }
            ]
          ],
          "identity_schema_version": 0,
          "private": "eyJlMmJmYjczMC1lY2FhLTExZTYtOGY4OC0zNDM2M2JjN2M0YzAiOnsiY3JlYXRlIjoyNzAwMDAwMDAwMDAwLCJkZWxldGUiOjI3MDAwMDAwMDAwMDAsInJlYWQiOjMwMDAwMDAwMDAwMCwidXBkYXRlIjoyNzAwMDAwMDAwMDAwfX0=",
          "dependencies": [
            "azurerm_network_interface.nic",
            "azurerm_subnet.subnet",
            "azurerm_virtual_network.vnet",
            "data.azurerm_resource_group.rg"
          ]
        },
        {
          "index_key": 1,
          "schema_version": 0,
          "attributes": {
            "additional_capabilities": [],
            "admin_password": null,
            "admin_ssh_key": [
              {
                "public_key": "ssh-rsa AAAAB3NzaC1yc2EAAAADAQABAAACAQC0IzipGGER7tjSiMn3EXivBe+XHEJ3HOi57nXEhWRpkg+a7aqcV8pTnClnQzGfRxjfAdKJEXXTy8WQWZWO+FV15b0a5zXrj/lnH43R367O5VPP98gP36Ng66NPQHlvKm9Jwg7Yt+tlxmkh+iahJkPWa2yBDd2k+JXV3/1hG0SQZv2U4gGMXsQ4qOMSBcz6cBezRaKEFfEmqvQe/7tL/FAQb0ue8WyB13N44DbROe+kp3/ourZyYadjptSRSxCpG/AcwRJws5SMZPl9YgOA6Jojx0Nza6iapmUzqzum0LSH7QrA7Sjuu97fjPNcL1fF52GsWfsVK2i73jKZ9MgH9K96XgzjuzczZGVh0WAYa/YIBbOGmnL2uudm1UY/wXxPUz9oWaahCAg3Htboo8nFOnR+J2uVbdyOeE6wHp49oqXs0fZO1s9FswPOt0DXWh1XsPRRe1FpHNJmMxLd8pMHxQ0zwk/+R+qxr5lEgQQ9KYjD6brAst4C0IXYi48zNr8uOIiNVKiNGgimvAmn2I4VQmh1IlqsdCnIkBARpdouysR5KG5SNaj1HM1N/W0P6UMjYqkhlgKxzpQvF3vqcsMcEQVkVumLc7u8+cKfREjrHPtNLZdqwwttpRyBJB4oEFWfzLdETeW9+RZegy5zlIwPqoY87RV0um7lW2+gVTLToSWcNQ== U18G54H@CDDEWOBCLWLS0HU\n",
                "username": "azureuser"
              }
            ],
            "admin_username": "azureuser",
            "allow_extension_operations": true,
            "availability_set_id": "",
            "boot_diagnostics": [],
            "bypass_platform_safety_checks_on_user_schedule_enabled": false,
            "capacity_reservation_group_id": "",
            "computer_name": "my-vm-1",
            "custom_data": null,
            "dedicated_host_group_id": "",
            "dedicated_host_id": "",
            "disable_password_authentication": true,
            "disk_controller_type": "",
            "edge_zone": "",
            "encryption_at_host_enabled": false,
            "eviction_policy": "",
            "extensions_time_budget": "PT1H30M",
            "gallery_application": [],
            "id": "/subscriptions/fbf787c1-ed83-44ad-946e-6ff3b027c400/resourceGroups/Azuredevops/providers/Microsoft.Compute/virtualMachines/my-vm-1",
            "identity": [],
            "license_type": "",
            "location": "southcentralus",
            "max_bid_price": -1,
            "name": "my-vm-1",
            "network_interface_ids": [
              "/subscriptions/fbf787c1-ed83-44ad-946e-6ff3b027c400/resourceGroups/Azuredevops/providers/Microsoft.Network/networkInterfaces/my-nic-1"
            ],
            "os_disk": [
              {
                "caching": "ReadWrite",
                "diff_disk_settings": [],
                "disk_encryption_set_id": "",
                "disk_size_gb": 30,
                "id": "/subscriptions/fbf787c1-ed83-44ad-946e-6ff3b027c400/resourceGroups/Azuredevops/providers/Microsoft.Compute/disks/my-osdisk-1",
                "name": "my-osdisk-1",
                "secure_vm_disk_encryption_set_id": "",
                "security_encryption_type": "",
                "storage_account_type": "Standard_LRS",
                "write_accelerator_enabled": false
              }
            ],
            "os_image_notification": [],
            "os_managed_disk_id": "/subscriptions/fbf787c1-ed83-44ad-946e-6ff3b027c400/resourceGroups/Azuredevops/providers/Microsoft.Compute/disks/my-osdisk-1",
            "patch_assessment_mode": "ImageDefault",
            "patch_mode": "ImageDefault",
            "plan": [],
            "platform_fault_domain": -1,
            "priority": "Regular",
            "private_ip_address": "10.0.1.4",
            "private_ip_addresses": [
              "10.0.1.4"
            ],
            "provision_vm_agent": true,
            "proximity_placement_group_id": "",
            "public_ip_address": "",
            "public_ip_addresses": [],
            "reboot_setting": "",
            "resource_group_name": "Azuredevops",
            "secret": [],
            "secure_boot_enabled": false,
            "size": "Standard_B1s",
            "source_image_id": "/subscriptions/fbf787c1-ed83-44ad-946e-6ff3b027c400/resourceGroups/Azuredevops/providers/Microsoft.Compute/images/myPackerImage",
            "source_image_reference": [],
            "tags": {
              "Environment": "dev"
            },
            "termination_notification": null,
            "timeouts": null,
            "user_data": "",
            "virtual_machine_id": "4746fb30-5c12-490d-beb8-96960975ba71",
            "virtual_machine_scale_set_id": "",
            "vm_agent_platform_updates_enabled": false,
            "vtpm_enabled": false,
            "zone": ""
          },
          "sensitive_attributes": [
            [
              {
                "type": "get_attr",
                "value": "admin_password"
              }
            ],
            [
              {
                "type": "get_attr",
                "value": "custom_data"
              }
            ]
          ],
          "identity_schema_version": 0,
          "private": "eyJlMmJmYjczMC1lY2FhLTExZTYtOGY4OC0zNDM2M2JjN2M0YzAiOnsiY3JlYXRlIjoyNzAwMDAwMDAwMDAwLCJkZWxldGUiOjI3MDAwMDAwMDAwMDAsInJlYWQiOjMwMDAwMDAwMDAwMCwidXBkYXRlIjoyNzAwMDAwMDAwMDAwfX0=",
          "dependencies": [
            "azurerm_network_interface.nic",
            "azurerm_subnet.subnet",
            "azurerm_virtual_network.vnet",
            "data.azurerm_resource_group.rg"
          ]
        }
      ]
    },
    {
      "mode": "managed",
      "type": "azurerm_network_interface",
      "name": "nic",
      "provider": "provider[\"registry.terraform.io/hashicorp/azurerm\"]",
      "instances": [
        {
          "index_key": 0,
          "schema_version": 0,
          "attributes": {
            "accelerated_networking_enabled": false,
            "applied_dns_servers": [],
            "auxiliary_mode": "",
            "auxiliary_sku": "",
            "dns_servers": [],
            "edge_zone": "",
            "id": "/subscriptions/fbf787c1-ed83-44ad-946e-6ff3b027c400/resourceGroups/Azuredevops/providers/Microsoft.Network/networkInterfaces/my-nic-0",
            "internal_dns_name_label": "",
            "internal_domain_name_suffix": "1ggusck2rklexe1b25opid5fcd.jx.internal.cloudapp.net",
            "ip_configuration": [
              {
                "gateway_load_balancer_frontend_ip_configuration_id": "",
                "name": "internal",
                "primary": true,
                "private_ip_address": "10.0.1.5",
                "private_ip_address_allocation": "Dynamic",
                "private_ip_address_version": "IPv4",
                "public_ip_address_id": "",
                "subnet_id": "/subscriptions/fbf787c1-ed83-44ad-946e-6ff3b027c400/resourceGroups/Azuredevops/providers/Microsoft.Network/virtualNetworks/my-vnet/subnets/my-subnet"
              }
            ],
            "ip_forwarding_enabled": false,
            "location": "southcentralus",
            "mac_address": "00-0D-3A-EB-45-55",
            "name": "my-nic-0",
            "private_ip_address": "10.0.1.5",
            "private_ip_addresses": [
              "10.0.1.5"
            ],
            "resource_group_name": "Azuredevops",
            "tags": {
              "Environment": "dev"
            },
            "timeouts": null,
            "virtual_machine_id": "/subscriptions/fbf787c1-ed83-44ad-946e-6ff3b027c400/resourceGroups/Azuredevops/providers/Microsoft.Compute/virtualMachines/my-vm-0"
          },
          "sensitive_attributes": [],
          "identity_schema_version": 0,
          "identity": {
            "name": "my-nic-0",
            "resource_group_name": "Azuredevops",
            "subscription_id": "fbf787c1-ed83-44ad-946e-6ff3b027c400"
          },
          "private": "eyJlMmJmYjczMC1lY2FhLTExZTYtOGY4OC0zNDM2M2JjN2M0YzAiOnsiY3JlYXRlIjoxODAwMDAwMDAwMDAwLCJkZWxldGUiOjE4MDAwMDAwMDAwMDAsInJlYWQiOjMwMDAwMDAwMDAwMCwidXBkYXRlIjoxODAwMDAwMDAwMDAwfX0=",
          "dependencies": [
            "azurerm_subnet.subnet",
            "azurerm_virtual_network.vnet",
            "data.azurerm_resource_group.rg"
          ]
        },
        {
          "index_key": 1,
          "schema_version": 0,
          "attributes": {
            "accelerated_networking_enabled": false,
            "applied_dns_servers": [],
            "auxiliary_mode": "",
            "auxiliary_sku": "",
            "dns_servers": [],
            "edge_zone": "",
            "id": "/subscriptions/fbf787c1-ed83-44ad-946e-6ff3b027c400/resourceGroups/Azuredevops/providers/Microsoft.Network/networkInterfaces/my-nic-1",
            "internal_dns_name_label": "",
            "internal_domain_name_suffix": "1ggusck2rklexe1b25opid5fcd.jx.internal.cloudapp.net",
            "ip_configuration": [
              {
                "gateway_load_balancer_frontend_ip_configuration_id": "",
                "name": "internal",
                "primary": true,
                "private_ip_address": "10.0.1.4",
                "private_ip_address_allocation": "Dynamic",
                "private_ip_address_version": "IPv4",
                "public_ip_address_id": "",
                "subnet_id": "/subscriptions/fbf787c1-ed83-44ad-946e-6ff3b027c400/resourceGroups/Azuredevops/providers/Microsoft.Network/virtualNetworks/my-vnet/subnets/my-subnet"
              }
            ],
            "ip_forwarding_enabled": false,
            "location": "southcentralus",
            "mac_address": "00-0D-3A-EB-42-7F",
            "name": "my-nic-1",
            "private_ip_address": "10.0.1.4",
            "private_ip_addresses": [
              "10.0.1.4"
            ],
            "resource_group_name": "Azuredevops",
            "tags": {
              "Environment": "dev"
            },
            "timeouts": null,
            "virtual_machine_id": "/subscriptions/fbf787c1-ed83-44ad-946e-6ff3b027c400/resourceGroups/Azuredevops/providers/Microsoft.Compute/virtualMachines/my-vm-1"
          },
          "sensitive_attributes": [],
          "identity_schema_version": 0,
          "identity": {
            "name": "my-nic-1",
            "resource_group_name": "Azuredevops",
            "subscription_id": "fbf787c1-ed83-44ad-946e-6ff3b027c400"
          },
          "private": "eyJlMmJmYjczMC1lY2FhLTExZTYtOGY4OC0zNDM2M2JjN2M0YzAiOnsiY3JlYXRlIjoxODAwMDAwMDAwMDAwLCJkZWxldGUiOjE4MDAwMDAwMDAwMDAsInJlYWQiOjMwMDAwMDAwMDAwMCwidXBkYXRlIjoxODAwMDAwMDAwMDAwfX0=",
          "dependencies": [
            "azurerm_subnet.subnet",
            "azurerm_virtual_network.vnet",
            "data.azurerm_resource_group.rg"
          ]
        }
      ]
    },
    {
      "mode": "managed",
      "type": "azurerm_network_interface_backend_address_pool_association",
      "name": "assoc",
      "provider": "provider[\"registry.terraform.io/hashicorp/azurerm\"]",
      "instances": [
        {
          "index_key": 0,
          "schema_version": 0,
          "attributes": {
            "backend_address_pool_id": "/subscriptions/fbf787c1-ed83-44ad-946e-6ff3b027c400/resourceGroups/Azuredevops/providers/Microsoft.Network/loadBalancers/my-lb/backendAddressPools/backendPool",
            "id": "/subscriptions/fbf787c1-ed83-44ad-946e-6ff3b027c400/resourceGroups/Azuredevops/providers/Microsoft.Network/networkInterfaces/my-nic-0/ipConfigurations/internal|/subscriptions/fbf787c1-ed83-44ad-946e-6ff3b027c400/resourceGroups/Azuredevops/providers/Microsoft.Network/loadBalancers/my-lb/backendAddressPools/backendPool",
            "ip_configuration_name": "internal",
            "network_interface_id": "/subscriptions/fbf787c1-ed83-44ad-946e-6ff3b027c400/resourceGroups/Azuredevops/providers/Microsoft.Network/networkInterfaces/my-nic-0",
            "timeouts": null
          },
          "sensitive_attributes": [],
          "identity_schema_version": 0,
          "private": "eyJlMmJmYjczMC1lY2FhLTExZTYtOGY4OC0zNDM2M2JjN2M0YzAiOnsiY3JlYXRlIjoxODAwMDAwMDAwMDAwLCJkZWxldGUiOjE4MDAwMDAwMDAwMDAsInJlYWQiOjMwMDAwMDAwMDAwMH19",
          "dependencies": [
            "azurerm_lb.lb",
            "azurerm_lb_backend_address_pool.bpool",
            "azurerm_network_interface.nic",
            "azurerm_public_ip.pip",
            "azurerm_subnet.subnet",
            "azurerm_virtual_network.vnet",
            "data.azurerm_resource_group.rg"
          ]
        },
        {
          "index_key": 1,
          "schema_version": 0,
          "attributes": {
            "backend_address_pool_id": "/subscriptions/fbf787c1-ed83-44ad-946e-6ff3b027c400/resourceGroups/Azuredevops/providers/Microsoft.Network/loadBalancers/my-lb/backendAddressPools/backendPool",
            "id": "/subscriptions/fbf787c1-ed83-44ad-946e-6ff3b027c400/resourceGroups/Azuredevops/providers/Microsoft.Network/networkInterfaces/my-nic-1/ipConfigurations/internal|/subscriptions/fbf787c1-ed83-44ad-946e-6ff3b027c400/resourceGroups/Azuredevops/providers/Microsoft.Network/loadBalancers/my-lb/backendAddressPools/backendPool",
            "ip_configuration_name": "internal",
            "network_interface_id": "/subscriptions/fbf787c1-ed83-44ad-946e-6ff3b027c400/resourceGroups/Azuredevops/providers/Microsoft.Network/networkInterfaces/my-nic-1",
            "timeouts": null
          },
          "sensitive_attributes": [],
          "identity_schema_version": 0,
          "private": "eyJlMmJmYjczMC1lY2FhLTExZTYtOGY4OC0zNDM2M2JjN2M0YzAiOnsiY3JlYXRlIjoxODAwMDAwMDAwMDAwLCJkZWxldGUiOjE4MDAwMDAwMDAwMDAsInJlYWQiOjMwMDAwMDAwMDAwMH19",
          "dependencies": [
            "azurerm_lb.lb",
            "azurerm_lb_backend_address_pool.bpool",
            "azurerm_network_interface.nic",
            "azurerm_public_ip.pip",
            "azurerm_subnet.subnet",
            "azurerm_virtual_network.vnet",
            "data.azurerm_resource_group.rg"
          ]
        }
      ]
    },
    {
      "mode": "managed",
      "type": "azurerm_network_security_group",
      "name": "nsg",
      "provider": "provider[\"registry.terraform.io/hashicorp/azurerm\"]",
      "instances": [
        {
          "schema_version": 0,
          "attributes": {
            "id": "/subscriptions/fbf787c1-ed83-44ad-946e-6ff3b027c400/resourceGroups/Azuredevops/providers/Microsoft.Network/networkSecurityGroups/my-nsg",
            "location": "southcentralus",
            "name": "my-nsg",
            "resource_group_name": "Azuredevops",
            "security_rule": [
              {
                "access": "Allow",
                "description": "",
                "destination_address_prefix": "*",
                "destination_address_prefixes": [],
                "destination_application_security_group_ids": [],
                "destination_port_range": "22",
                "destination_port_ranges": [],
                "direction": "Inbound",
                "name": "AllowSSH",
                "priority": 300,
                "protocol": "Tcp",
                "source_address_prefix": "*",
                "source_address_prefixes": [],
                "source_application_security_group_ids": [],
                "source_port_range": "*",
                "source_port_ranges": []
              },
              {
                "access": "Allow",
                "description": "",
                "destination_address_prefix": "VirtualNetwork",
                "destination_address_prefixes": [],
                "destination_application_security_group_ids": [],
                "destination_port_range": "*",
                "destination_port_ranges": [],
                "direction": "Inbound",
                "name": "AllowVnet",
                "priority": 100,
                "protocol": "*",
                "source_address_prefix": "VirtualNetwork",
                "source_address_prefixes": [],
                "source_application_security_group_ids": [],
                "source_port_range": "*",
                "source_port_ranges": []
              },
              {
                "access": "Deny",
                "description": "",
                "destination_address_prefix": "*",
                "destination_address_prefixes": [],
                "destination_application_security_group_ids": [],
                "destination_port_range": "*",
                "destination_port_ranges": [],
                "direction": "Inbound",
                "name": "DenyInternet",
                "priority": 200,
                "protocol": "*",
                "source_address_prefix": "Internet",
                "source_address_prefixes": [],
                "source_application_security_group_ids": [],
                "source_port_range": "*",
                "source_port_ranges": []
              }
            ],
            "tags": {
              "Environment": "dev"
            },
            "timeouts": null
          },
          "sensitive_attributes": [],
          "identity_schema_version": 0,
          "identity": {
            "name": "my-nsg",
            "resource_group_name": "Azuredevops",
            "subscription_id": "fbf787c1-ed83-44ad-946e-6ff3b027c400"
          },
          "private": "eyJlMmJmYjczMC1lY2FhLTExZTYtOGY4OC0zNDM2M2JjN2M0YzAiOnsiY3JlYXRlIjoxODAwMDAwMDAwMDAwLCJkZWxldGUiOjE4MDAwMDAwMDAwMDAsInJlYWQiOjMwMDAwMDAwMDAwMCwidXBkYXRlIjoxODAwMDAwMDAwMDAwfX0=",
          "dependencies": [
            "data.azurerm_resource_group.rg"
          ]
        }
      ]
    },
    {
      "mode": "managed",
      "type": "azurerm_public_ip",
      "name": "pip",
      "provider": "provider[\"registry.terraform.io/hashicorp/azurerm\"]",
      "instances": [
        {
          "schema_version": 0,
          "attributes": {
            "allocation_method": "Static",
            "ddos_protection_mode": "VirtualNetworkInherited",
            "ddos_protection_plan_id": null,
            "domain_name_label": "",
            "domain_name_label_scope": "",
            "edge_zone": "",
            "fqdn": "",
            "id": "/subscriptions/fbf787c1-ed83-44ad-946e-6ff3b027c400/resourceGroups/Azuredevops/providers/Microsoft.Network/publicIPAddresses/my-pip",
            "idle_timeout_in_minutes": 4,
            "ip_address": "20.97.58.239",
            "ip_tags": {},
            "ip_version": "IPv4",
            "location": "southcentralus",
            "name": "my-pip",
            "public_ip_prefix_id": null,
            "resource_group_name": "Azuredevops",
            "reverse_fqdn": "",
            "sku": "Standard",
            "sku_tier": "Regional",
            "tags": {
              "Environment": "dev"
            },
            "timeouts": null,
            "zones": []
          },
          "sensitive_attributes": [],
          "identity_schema_version": 0,
          "identity": {
            "name": "my-pip",
            "resource_group_name": "Azuredevops",
            "subscription_id": "fbf787c1-ed83-44ad-946e-6ff3b027c400"
          },
          "private": "eyJlMmJmYjczMC1lY2FhLTExZTYtOGY4OC0zNDM2M2JjN2M0YzAiOnsiY3JlYXRlIjoxODAwMDAwMDAwMDAwLCJkZWxldGUiOjE4MDAwMDAwMDAwMDAsInJlYWQiOjMwMDAwMDAwMDAwMCwidXBkYXRlIjoxODAwMDAwMDAwMDAwfX0=",
          "dependencies": [
            "data.azurerm_resource_group.rg"
          ]
        }
      ]
    },
    {
      "mode": "managed",
      "type": "azurerm_subnet",
      "name": "subnet",
      "provider": "provider[\"registry.terraform.io/hashicorp/azurerm\"]",
      "instances": [
        {
          "schema_version": 0,
          "attributes": {
            "address_prefixes": [
              "10.0.1.0/24"
            ],
            "default_outbound_access_enabled": true,
            "delegation": [],
            "id": "/subscriptions/fbf787c1-ed83-44ad-946e-6ff3b027c400/resourceGroups/Azuredevops/providers/Microsoft.Network/virtualNetworks/my-vnet/subnets/my-subnet",
            "ip_address_pool": [],
            "name": "my-subnet",
            "private_endpoint_network_policies": "Disabled",
            "private_link_service_network_policies_enabled": true,
            "resource_group_name": "Azuredevops",
            "service_endpoint_policy_ids": [],
            "service_endpoints": [],
            "sharing_scope": "",
            "timeouts": null,
            "virtual_network_name": "my-vnet"
          },
          "sensitive_attributes": [],
          "identity_schema_version": 0,
          "identity": {
            "name": "my-subnet",
            "resource_group_name": "Azuredevops",
            "subscription_id": "fbf787c1-ed83-44ad-946e-6ff3b027c400",
            "virtual_network_name": "my-vnet"
          },
          "private": "eyJlMmJmYjczMC1lY2FhLTExZTYtOGY4OC0zNDM2M2JjN2M0YzAiOnsiY3JlYXRlIjoxODAwMDAwMDAwMDAwLCJkZWxldGUiOjE4MDAwMDAwMDAwMDAsInJlYWQiOjMwMDAwMDAwMDAwMCwidXBkYXRlIjoxODAwMDAwMDAwMDAwfX0=",
          "dependencies": [
            "azurerm_virtual_network.vnet",
            "data.azurerm_resource_group.rg"
          ]
        }
      ]
    },
    {
      "mode": "managed",
      "type": "azurerm_virtual_network",
      "name": "vnet",
      "provider": "provider[\"registry.terraform.io/hashicorp/azurerm\"]",
      "instances": [
        {
          "schema_version": 0,
          "attributes": {
            "address_space": [
              "10.0.0.0/16"
            ],
            "bgp_community": "",
            "ddos_protection_plan": [],
            "dns_servers": [],
            "edge_zone": "",
            "encryption": [],
            "flow_timeout_in_minutes": 0,
            "guid": "09498dd9-8a5c-4b96-9361-e7dcf40fe513",
            "id": "/subscriptions/fbf787c1-ed83-44ad-946e-6ff3b027c400/resourceGroups/Azuredevops/providers/Microsoft.Network/virtualNetworks/my-vnet",
            "ip_address_pool": [],
            "location": "southcentralus",
            "name": "my-vnet",
            "private_endpoint_vnet_policies": "Disabled",
            "resource_group_name": "Azuredevops",
            "subnet": [
              {
                "address_prefixes": [
                  "10.0.1.0/24"
                ],
                "default_outbound_access_enabled": true,
                "delegation": [],
                "id": "/subscriptions/fbf787c1-ed83-44ad-946e-6ff3b027c400/resourceGroups/Azuredevops/providers/Microsoft.Network/virtualNetworks/my-vnet/subnets/my-subnet",
                "name": "my-subnet",
                "private_endpoint_network_policies": "Disabled",
                "private_link_service_network_policies_enabled": true,
                "route_table_id": "",
                "security_group": "",
                "service_endpoint_policy_ids": [],
                "service_endpoints": []
              }
            ],
            "tags": {
              "Environment": "dev"
            },
            "timeouts": null
          },
          "sensitive_attributes": [],
          "identity_schema_version": 0,
          "identity": {
            "name": "my-vnet",
            "resource_group_name": "Azuredevops",
            "subscription_id": "fbf787c1-ed83-44ad-946e-6ff3b027c400"
          },
          "private": "eyJlMmJmYjczMC1lY2FhLTExZTYtOGY4OC0zNDM2M2JjN2M0YzAiOnsiY3JlYXRlIjoxODAwMDAwMDAwMDAwLCJkZWxldGUiOjE4MDAwMDAwMDAwMDAsInJlYWQiOjMwMDAwMDAwMDAwMCwidXBkYXRlIjoxODAwMDAwMDAwMDAwfX0=",
          "dependencies": [
            "data.azurerm_resource_group.rg"
          ]
        }
      ]
    }
  ],
  "check_results": [
    {
      "object_kind": "var",
      "config_addr": "var.vm_count",
      "status": "pass",
      "objects": [
        {
          "object_addr": "var.vm_count",
          "status": "pass"
        }
      ]
    }
  ]
}
